
Microsoft Visual Studio Solution File, Format Version 12.00
# Visual Studio Version 16
VisualStudioVersion = 16.0.31515.178
MinimumVisualStudioVersion = 10.0.40219.1
Project("{FAE04EC0-301F-11D3-BF4B-00C04F79EFBC}") = "NugetUpgrade", "NugetUpgrade\NugetUpgrade.csproj", "{7D548C73-1966-449B-889A-729CA37AEF9E}"
EndProject
Global
	GlobalSection(SolutionConfigurationPlatforms) = preSolution
		Debug|Any CPU = Debug|Any CPU
		Release|Any CPU = Release|Any CPU
	EndGlobalSection
	GlobalSection(ProjectConfigurationPlatforms) = postSolution
		{7D548C73-1966-449B-889A-729CA37AEF9E}.Debug|Any CPU.ActiveCfg = Debug|Any CPU
		{7D548C73-1966-449B-889A-729CA37AEF9E}.Debug|Any CPU.Build.0 = Debug|Any CPU
		{7D548C73-1966-449B-889A-729CA37AEF9E}.Release|Any CPU.ActiveCfg = Release|Any CPU
		{7D548C73-1966-449B-889A-729CA37AEF9E}.Release|Any CPU.Build.0 = Release|Any CPU
	EndGlobalSection
	GlobalSection(SolutionProperties) = preSolution
		HideSolutionNode = FALSE
	EndGlobalSection
	GlobalSection(ExtensibilityGlobals) = postSolution
		SolutionGuid = {34952704-30DA-4DB9-86EE-5C59BBAD3039}
	EndGlobalSection
EndGlobal
